lockfileVersion: '9.0'

settings:
  autoInstallPeers: true
  excludeLinksFromLockfile: false

importers:

  .:
    dependencies:
      '@agentclientprotocol/sdk':
        specifier: ^0.7.0
        version: 0.7.0(zod@3.25.76)
      typescript-parsec:
        specifier: ^0.3.4
        version: 0.3.4
    devDependencies:
      '@types/node':
        specifier: ^24.9.1
        version: 24.9.1
      typescript:
        specifier: ^5.9.3
        version: 5.9.3

packages:

  '@agentclientprotocol/sdk@0.7.0':
    resolution: {integrity: sha512-lZrBwaP7qpDgwvhZOl61te9bpigpOXJfVTwLWqjMsnZI7oe5rgHdxGWfTHcqiRy4ITg9qbz3ApgYsxKoZpYMhg==}
    peerDependencies:
      zod: ^3.25.0 || ^4.0.0

  '@types/node@24.9.1':
    resolution: {integrity: sha512-QoiaXANRkSXK6p0Duvt56W208du4P9Uye9hWLWgGMDTEoKPhuenzNcC4vGUmrNkiOKTlIrBoyNQYNpSwfEZXSg==}

  typescript-parsec@0.3.4:
    resolution: {integrity: sha512-6RD4xOxp26BTZLopNbqT2iErqNhQZZWb5m5F07/UwGhldGvOAKOl41pZ3fxsFp04bNL+PbgMjNfb6IvJAC/uYQ==}

  typescript@5.9.3:
    resolution: {integrity: sha512-jl1vZzPDinLr9eUt3J/t7V6FgNEw9QjvBPdysz9KfQDD41fQrC2Y4vKQdiaUpFT4bXlb1RHhLpp8wtm6M5TgSw==}
    engines: {node: '>=14.17'}
    hasBin: true

  undici-types@7.16.0:
    resolution: {integrity: sha512-Zz+aZWSj8LE6zoxD+xrjh4VfkIG8Ya6LvYkZqtUQGJPZjYl53ypCaUwWqo7eI0x66KBGeRo+mlBEkMSeSZ38Nw==}

  zod@3.25.76:
    resolution: {integrity: sha512-gzUt/qt81nXsFGKIFcC3YnfEAx5NkunCfnDlvuBSSFS02bcXu4Lmea0AFIUwbLWxWPx3d9p8S5QoaujKcNQxcQ==}

snapshots:

  '@agentclientprotocol/sdk@0.7.0(zod@3.25.76)':
    dependencies:
      zod: 3.25.76

  '@types/node@24.9.1':
    dependencies:
      undici-types: 7.16.0

  typescript-parsec@0.3.4: {}

  typescript@5.9.3: {}

  undici-types@7.16.0: {}

  zod@3.25.76: {}
